// !$*UTF8*$!
{
	archiveVersion = 1;
	classes = {
	};
	objectVersion = 50;
	objects = {

/* Begin PBXBuildFile section */
		FE06FDDB21149ED600180583 /* AppDelegate.m in Sources */ = {isa = PBXBuildFile; fileRef = FE06FDDA21149ED600180583 /* AppDelegate.m */; };
		FE06FDDE21149ED600180583 /* ViewController.m in Sources */ = {isa = PBXBuildFile; fileRef = FE06FDDD21149ED600180583 /* ViewController.m */; };
		FE06FDE121149ED600180583 /* Main.storyboard in Resources */ = {isa = PBXBuildFile; fileRef = FE06FDDF21149ED600180583 /* Main.storyboard */; };
		FE06FDE321149ED700180583 /* Assets.xcassets in Resources */ = {isa = PBXBuildFile; fileRef = FE06FDE221149ED700180583 /* Assets.xcassets */; };
		FE06FDE621149ED700180583 /* LaunchScreen.storyboard in Resources */ = {isa = PBXBuildFile; fileRef = FE06FDE421149ED700180583 /* LaunchScreen.storyboard */; };
		FE06FDE921149ED700180583 /* main.m in Sources */ = {isa = PBXBuildFile; fileRef = FE06FDE821149ED700180583 /* main.m */; };
		FE06FDF121149F4200180583 /* SecondViewController.m in Sources */ = {isa = PBXBuildFile; fileRef = FE06FDF021149F4200180583 /* SecondViewController.m */; };
		FE06FDF421149F5C00180583 /* ThirdViewController.m in Sources */ = {isa = PBXBuildFile; fileRef = FE06FDF321149F5C00180583 /* ThirdViewController.m */; };
		FE06FDF72114A11800180583 /* TransitionAnimationObject.m in Sources */ = {isa = PBXBuildFile; fileRef = FE06FDF62114A11800180583 /* TransitionAnimationObject.m */; };
		FE06FDFA2114AD4E00180583 /* GestureObject.m in Sources */ = {isa = PBXBuildFile; fileRef = FE06FDF92114AD4E00180583 /* GestureObject.m */; };
/* End PBXBuildFile section */

/* Begin PBXFileReference section */
		FE06FDD621149ED600180583 /* TransitionAnimationDemo.app */ = {isa = PBXFileReference; explicitFileType = wrapper.application; includeInIndex = 0; path = TransitionAnimationDemo.app; sourceTree = BUILT_PRODUCTS_DIR; };
		FE06FDD921149ED600180583 /* AppDelegate.h */ = {isa = PBXFileReference; lastKnownFileType = sourcecode.c.h; path = AppDelegate.h; sourceTree = "<group>"; };
		FE06FDDA21149ED600180583 /* AppDelegate.m */ = {isa = PBXFileReference; lastKnownFileType = sourcecode.c.objc; path = AppDelegate.m; sourceTree = "<group>"; };
		FE06FDDC21149ED600180583 /* ViewController.h */ = {isa = PBXFileReference; lastKnownFileType = sourcecode.c.h; path = ViewController.h; sourceTree = "<group>"; };
		FE06FDDD21149ED600180583 /* ViewController.m */ = {isa = PBXFileReference; lastKnownFileType = sourcecode.c.objc; path = ViewController.m; sourceTree = "<group>"; };
		FE06FDE021149ED600180583 /* Base */ = {isa = PBXFileReference; lastKnownFileType = file.storyboard; name = Base; path = Base.lproj/Main.storyboard; sourceTree = "<group>"; };
		FE06FDE221149ED700180583 /* Assets.xcassets */ = {isa = PBXFileReference; lastKnownFileType = folder.assetcatalog; path = Assets.xcassets; sourceTree = "<group>"; };
		FE06FDE521149ED700180583 /* Base */ = {isa = PBXFileReference; lastKnownFileType = file.storyboard; name = Base; path = Base.lproj/LaunchScreen.storyboard; sourceTree = "<group>"; };
		FE06FDE721149ED700180583 /* Info.plist */ = {isa = PBXFileReference; lastKnownFileType = text.plist.xml; path = Info.plist; sourceTree = "<group>"; };
		FE06FDE821149ED700180583 /* main.m */ = {isa = PBXFileReference; lastKnownFileType = sourcecode.c.objc; path = main.m; sourceTree = "<group>"; };
		FE06FDEF21149F4200180583 /* SecondViewController.h */ = {isa = PBXFileReference; lastKnownFileType = sourcecode.c.h; path = SecondViewController.h; sourceTree = "<group>"; };
		FE06FDF021149F4200180583 /* SecondViewController.m */ = {isa = PBXFileReference; lastKnownFileType = sourcecode.c.objc; path = SecondViewController.m; sourceTree = "<group>"; };
		FE06FDF221149F5C00180583 /* ThirdViewController.h */ = {isa = PBXFileReference; lastKnownFileType = sourcecode.c.h; path = ThirdViewController.h; sourceTree = "<group>"; };
		FE06FDF321149F5C00180583 /* ThirdViewController.m */ = {isa = PBXFileReference; lastKnownFileType = sourcecode.c.objc; path = ThirdViewController.m; sourceTree = "<group>"; };
		FE06FDF52114A11800180583 /* TransitionAnimationObject.h */ = {isa = PBXFileReference; lastKnownFileType = sourcecode.c.h; path = TransitionAnimationObject.h; sourceTree = "<group>"; };
		FE06FDF62114A11800180583 /* TransitionAnimationObject.m */ = {isa = PBXFileReference; lastKnownFileType = sourcecode.c.objc; path = TransitionAnimationObject.m; sourceTree = "<group>"; };
		FE06FDF82114AD4E00180583 /* GestureObject.h */ = {isa = PBXFileReference; lastKnownFileType = sourcecode.c.h; path = GestureObject.h; sourceTree = "<group>"; };
		FE06FDF92114AD4E00180583 /* GestureObject.m */ = {isa = PBXFileReference; lastKnownFileType = sourcecode.c.objc; path = GestureObject.m; sourceTree = "<group>"; };
/* End PBXFileReference section */

/* Begin PBXFrameworksBuildPhase section */
		FE06FDD321149ED600180583 /* Frameworks */ = {
			isa = PBXFrameworksBuildPhase;
			buildActionMask = 2147483647;
			files = (
			);
			runOnlyForDeploymentPostprocessing = 0;
		};
/* End PBXFrameworksBuildPhase section */

/* Begin PBXGroup section */
		FE06FDCD21149ED600180583 = {
			isa = PBXGroup;
			children = (
				FE06FDD821149ED600180583 /* TransitionAnimationDemo */,
				FE06FDD721149ED600180583 /* Products */,
			);
			sourceTree = "<group>";
		};
		FE06FDD721149ED600180583 /* Products */ = {
			isa = PBXGroup;
			children = (
				FE06FDD621149ED600180583 /* TransitionAnimationDemo.app */,
			);
			name = Products;
			sourceTree = "<group>";
		};
		FE06FDD821149ED600180583 /* TransitionAnimationDemo */ = {
			isa = PBXGroup;
			children = (
				FE06FDD921149ED600180583 /* AppDelegate.h */,
				FE06FDDA21149ED600180583 /* AppDelegate.m */,
				FE06FDDC21149ED600180583 /* ViewController.h */,
				FE06FDDD21149ED600180583 /* ViewController.m */,
				FE06FDEF21149F4200180583 /* SecondViewController.h */,
				FE06FDF021149F4200180583 /* SecondViewController.m */,
				FE06FDF221149F5C00180583 /* ThirdViewController.h */,
				FE06FDF321149F5C00180583 /* ThirdViewController.m */,
				FE06FDF52114A11800180583 /* TransitionAnimationObject.h */,
				FE06FDF62114A11800180583 /* TransitionAnimationObject.m */,
				FE06FDF82114AD4E00180583 /* GestureObject.h */,
				FE06FDF92114AD4E00180583 /* GestureObject.m */,
				FE06FDDF21149ED600180583 /* Main.storyboard */,
				FE06FDE221149ED700180583 /* Assets.xcassets */,
				FE06FDE421149ED700180583 /* LaunchScreen.storyboard */,
				FE06FDE721149ED700180583 /* Info.plist */,
				FE06FDE821149ED700180583 /* main.m */,
			);
			path = TransitionAnimationDemo;
			sourceTree = "<group>";
		};
/* End PBXGroup section */

/* Begin PBXNativeTarget section */
		FE06FDD521149ED600180583 /* TransitionAnimationDemo */ = {
			isa = PBXNativeTarget;
			buildConfigurationList = FE06FDEC21149ED700180583 /* Build configuration list for PBXNativeTarget "TransitionAnimationDemo" */;
			buildPhases = (
				FE06FDD221149ED600180583 /* Sources */,
				FE06FDD321149ED600180583 /* Frameworks */,
				FE06FDD421149ED600180583 /* Resources */,
			);
			buildRules = (
			);
			dependencies = (
			);
			name = TransitionAnimationDemo;
			productName = TransitionAnimationDemo;
			productReference = FE06FDD621149ED600180583 /* TransitionAnimationDemo.app */;
			productType = "com.apple.product-type.application";
		};
/* End PBXNativeTarget section */

/* Begin PBXProject section */
		FE06FDCE21149ED600180583 /* Project object */ = {
			isa = PBXProject;
			attributes = {
				LastUpgradeCheck = 0940;
				ORGANIZATIONNAME = "余意";
				TargetAttributes = {
					FE06FDD521149ED600180583 = {
						CreatedOnToolsVersion = 9.4.1;
					};
				};
			};
			buildConfigurationList = FE06FDD121149ED600180583 /* Build configuration list for PBXProject "TransitionAnimationDemo" */;
			compatibilityVersion = "Xcode 9.3";
			developmentRegion = en;
			hasScannedForEncodings = 0;
			knownRegions = (
				en,
				Base,
			);
			mainGroup = FE06FDCD21149ED600180583;
			productRefGroup = FE06FDD721149ED600180583 /* Products */;
			projectDirPath = "";
			projectRoot = "";
			targets = (
				FE06FDD521149ED600180583 /* TransitionAnimationDemo */,
			);
		};
/* End PBXProject section */

/* Begin PBXResourcesBuildPhase section */
		FE06FDD421149ED600180583 /* Resources */ = {
			isa = PBXResourcesBuildPhase;
			buildActionMask = 2147483647;
			files = (
				FE06FDE621149ED700180583 /* LaunchScreen.storyboard in Resources */,
				FE06FDE321149ED700180583 /* Assets.xcassets in Resources */,
				FE06FDE121149ED600180583 /* Main.storyboard in Resources */,
			);
			runOnlyForDeploymentPostprocessing = 0;
		};
/* End PBXResourcesBuildPhase section */

/* Begin PBXSourcesBuildPhase section */
		FE06FDD221149ED600180583 /* Sources */ = {
			isa = PBXSourcesBuildPhase;
			buildActionMask = 2147483647;
			files = (
				FE06FDFA2114AD4E00180583 /* GestureObject.m in Sources */,
				FE06FDF121149F4200180583 /* SecondViewController.m in Sources */,
				FE06FDF421149F5C00180583 /* ThirdViewController.m in Sources */,
				FE06FDDE21149ED600180583 /* ViewController.m in Sources */,
				FE06FDE921149ED700180583 /* main.m in Sources */,
				FE06FDF72114A11800180583 /* TransitionAnimationObject.m in Sources */,
				FE06FDDB21149ED600180583 /* AppDelegate.m in Sources */,
			);
			runOnlyForDeploymentPostprocessing = 0;
		};
/* End PBXSourcesBuildPhase section */

/* Begin PBXVariantGroup section */
		FE06FDDF21149ED600180583 /* Main.storyboard */ = {
			isa = PBXVariantGroup;
			children = (
				FE06FDE021149ED600180583 /* Base */,
			);
			name = Main.storyboard;
			sourceTree = "<group>";
		};
		FE06FDE421149ED700180583 /* LaunchScreen.storyboard */ = {
			isa = PBXVariantGroup;
			children = (
				FE06FDE521149ED700180583 /* Base */,
			);
			name = LaunchScreen.storyboard;
			sourceTree = "<group>";
		};
/* End PBXVariantGroup section */

/* Begin XCBuildConfiguration section */
		FE06FDEA21149ED700180583 /* Debug */ = {
			isa = XCBuildConfiguration;
			buildSettings = {
				ALWAYS_SEARCH_USER_PATHS = NO;
				CLANG_ANALYZER_NONNULL = YES;
				CLANG_ANALYZER_NUMBER_OBJECT_CONVERSION = YES_AGGRESSIVE;
				CLANG_CXX_LANGUAGE_STANDARD = "gnu++14";
				CLANG_CXX_LIBRARY = "libc++";
				CLANG_ENABLE_MODULES = YES;
				CLANG_ENABLE_OBJC_ARC = YES;
				CLANG_ENABLE_OBJC_WEAK = YES;
				CLANG_WARN_BLOCK_CAPTURE_AUTORELEASING = YES;
				CLANG_WARN_BOOL_CONVERSION = YES;
				CLANG_WARN_COMMA = YES;
				CLANG_WARN_CONSTANT_CONVERSION = YES;
				CLANG_WARN_DEPRECATED_OBJC_IMPLEMENTATIONS = YES;
				CLANG_WARN_DIRECT_OBJC_ISA_USAGE = YES_ERROR;
				CLANG_WARN_DOCUMENTATION_COMMENTS = YES;
				CLANG_WARN_EMPTY_BODY = YES;
				CLANG_WARN_ENUM_CONVERSION = YES;
				CLANG_WARN_INFINITE_RECURSION = YES;
				CLANG_WARN_INT_CONVERSION = YES;
				CLANG_WARN_NON_LITERAL_NULL_CONVERSION = YES;
				CLANG_WARN_OBJC_IMPLICIT_RETAIN_SELF = YES;
				CLANG_WARN_OBJC_LITERAL_CONVERSION = YES;
				CLANG_WARN_OBJC_ROOT_CLASS = YES_ERROR;
				CLANG_WARN_RANGE_LOOP_ANALYSIS = YES;
				CLANG_WARN_STRICT_PROTOTYPES = YES;
				CLANG_WARN_SUSPICIOUS_MOVE = YES;
				CLANG_WARN_UNGUARDED_AVAILABILITY = YES_AGGRESSIVE;
				CLANG_WARN_UNREACHABLE_CODE = YES;
				CLANG_WARN__DUPLICATE_METHOD_MATCH = YES;
				CODE_SIGN_IDENTITY = "iPhone Developer";
				COPY_PHASE_STRIP = NO;
				DEBUG_INFORMATION_FORMAT = dwarf;
				ENABLE_STRICT_OBJC_MSGSEND = YES;
				ENABLE_TESTABILITY = YES;
				GCC_C_LANGUAGE_STANDARD = gnu11;
				GCC_DYNAMIC_NO_PIC = NO;
				GCC_NO_COMMON_BLOCKS = YES;
				GCC_OPTIMIZATION_LEVEL = 0;
				GCC_PREPROCESSOR_DEFINITIONS = (
					"DEBUG=1",
					"$(inherited)",
				);
				GCC_WARN_64_TO_32_BIT_CONVERSION = YES;
				GCC_WARN_ABOUT_RETURN_TYPE = YES_ERROR;
				GCC_WARN_UNDECLARED_SELECTOR = YES;
				GCC_WARN_UNINITIALIZED_AUTOS = YES_AGGRESSIVE;
				GCC_WARN_UNUSED_FUNCTION = YES;
				GCC_WARN_UNUSED_VARIABLE = YES;
				IPHONEOS_DEPLOYMENT_TARGET = 11.4;
				MTL_ENABLE_DEBUG_INFO = YES;
				ONLY_ACTIVE_ARCH = YES;
				SDKROOT = iphoneos;
			};
			name = Debug;
		};
		FE06FDEB21149ED700180583 /* Release */ = {
			isa = XCBuildConfiguration;
			buildSettings = {
				ALWAYS_SEARCH_USER_PATHS = NO;
				CLANG_ANALYZER_NONNULL = YES;
				CLANG_ANALYZER_NUMBER_OBJECT_CONVERSION = YES_AGGRESSIVE;
				CLANG_CXX_LANGUAGE_STANDARD = "gnu++14";
				CLANG_CXX_LIBRARY = "libc++";
				CLANG_ENABLE_MODULES = YES;
				CLANG_ENABLE_OBJC_ARC = YES;
				CLANG_ENABLE_OBJC_WEAK = YES;
				CLANG_WARN_BLOCK_CAPTURE_AUTORELEASING = YES;
				CLANG_WARN_BOOL_CONVERSION = YES;
				CLANG_WARN_COMMA = YES;
				CLANG_WARN_CONSTANT_CONVERSION = YES;
				CLANG_WARN_DEPRECATED_OBJC_IMPLEMENTATIONS = YES;
				CLANG_WARN_DIRECT_OBJC_ISA_USAGE = YES_ERROR;
				CLANG_WARN_DOCUMENTATION_COMMENTS = YES;
				CLANG_WARN_EMPTY_BODY = YES;
				CLANG_WARN_ENUM_CONVERSION = YES;
				CLANG_WARN_INFINITE_RECURSION = YES;
				CLANG_WARN_INT_CONVERSION = YES;
				CLANG_WARN_NON_LITERAL_NULL_CONVERSION = YES;
				CLANG_WARN_OBJC_IMPLICIT_RETAIN_SELF = YES;
				CLANG_WARN_OBJC_LITERAL_CONVERSION = YES;
				CLANG_WARN_OBJC_ROOT_CLASS = YES_ERROR;
				CLANG_WARN_RANGE_LOOP_ANALYSIS = YES;
				CLANG_WARN_STRICT_PROTOTYPES = YES;
				CLANG_WARN_SUSPICIOUS_MOVE = YES;
				CLANG_WARN_UNGUARDED_AVAILABILITY = YES_AGGRESSIVE;
				CLANG_WARN_UNREACHABLE_CODE = YES;
				CLANG_WARN__DUPLICATE_METHOD_MATCH = YES;
				CODE_SIGN_IDENTITY = "iPhone Developer";
				COPY_PHASE_STRIP = NO;
				DEBUG_INFORMATION_FORMAT = "dwarf-with-dsym";
				ENABLE_NS_ASSERTIONS = NO;
				ENABLE_STRICT_OBJC_MSGSEND = YES;
				GCC_C_LANGUAGE_STANDARD = gnu11;
				GCC_NO_COMMON_BLOCKS = YES;
				GCC_WARN_64_TO_32_BIT_CONVERSION = YES;
				GCC_WARN_ABOUT_RETURN_TYPE = YES_ERROR;
				GCC_WARN_UNDECLARED_SELECTOR = YES;
				GCC_WARN_UNINITIALIZED_AUTOS = YES_AGGRESSIVE;
				GCC_WARN_UNUSED_FUNCTION = YES;
				GCC_WARN_UNUSED_VARIABLE = YES;
				IPHONEOS_DEPLOYMENT_TARGET = 11.4;
				MTL_ENABLE_DEBUG_INFO = NO;
				SDKROOT = iphoneos;
				VALIDATE_PRODUCT = YES;
			};
			name = Release;
		};
		FE06FDED21149ED700180583 /* Debug */ = {
			isa = XCBuildConfiguration;
			buildSettings = {
				ASSETCATALOG_COMPILER_APPICON_NAME = AppIcon;
				CODE_SIGN_STYLE = Automatic;
				INFOPLIST_FILE = TransitionAnimationDemo/Info.plist;
				LD_RUNPATH_SEARCH_PATHS = (
					"$(inherited)",
					"@executable_path/Frameworks",
				);
				PRODUCT_BUNDLE_IDENTIFIER = com.huibaotech.TransitionAnimationDemo;
				PRODUCT_NAME = "$(TARGET_NAME)";
				TARGETED_DEVICE_FAMILY = "1,2";
			};
			name = Debug;
		};
		FE06FDEE21149ED700180583 /* Release */ = {
			isa = XCBuildConfiguration;
			buildSettings = {
				ASSETCATALOG_COMPILER_APPICON_NAME = AppIcon;
				CODE_SIGN_STYLE = Automatic;
				INFOPLIST_FILE = TransitionAnimationDemo/Info.plist;
				LD_RUNPATH_SEARCH_PATHS = (
					"$(inherited)",
					"@executable_path/Frameworks",
				);
				PRODUCT_BUNDLE_IDENTIFIER = com.huibaotech.TransitionAnimationDemo;
				PRODUCT_NAME = "$(TARGET_NAME)";
				TARGETED_DEVICE_FAMILY = "1,2";
			};
			name = Release;
		};
/* End XCBuildConfiguration section */

/* Begin XCConfigurationList section */
		FE06FDD121149ED600180583 /* Build configuration list for PBXProject "TransitionAnimationDemo" */ = {
			isa = XCConfigurationList;
			buildConfigurations = (
				FE06FDEA21149ED700180583 /* Debug */,
				FE06FDEB21149ED700180583 /* Release */,
			);
			defaultConfigurationIsVisible = 0;
			defaultConfigurationName = Release;
		};
		FE06FDEC21149ED700180583 /* Build configuration list for PBXNativeTarget "TransitionAnimationDemo" */ = {
			isa = XCConfigurationList;
			buildConfigurations = (
				FE06FDED21149ED700180583 /* Debug */,
				FE06FDEE21149ED700180583 /* Release */,
			);
			defaultConfigurationIsVisible = 0;
			defaultConfigurationName = Release;
		};
/* End XCConfigurationList section */
	};
	rootObject = FE06FDCE21149ED600180583 /* Project object */;
}
